
Microsoft Visual Studio Solution File, Format Version 12.00
# Visual Studio Version 16
VisualStudioVersion = 16.0.31205.134
MinimumVisualStudioVersion = 10.0.40219.1
Project("{8BC9CEB8-8B4A-11D0-8D11-00A0C91BC942}") = "Blink1", "Blink1\Blink1.vcxproj", "{B9F08027-6FC7-413F-84D4-8BFEE9CEA4BB}"
EndProject
Global
	GlobalSection(SolutionConfigurationPlatforms) = preSolution
		Debug|ARM = Debug|ARM
		Debug|ARM64 = Debug|ARM64
		Release|ARM = Release|ARM
		Release|ARM64 = Release|ARM64
	EndGlobalSection
	GlobalSection(ProjectConfigurationPlatforms) = postSolution
		{B9F08027-6FC7-413F-84D4-8BFEE9CEA4BB}.Debug|ARM.ActiveCfg = Debug|ARM
		{B9F08027-6FC7-413F-84D4-8BFEE9CEA4BB}.Debug|ARM.Build.0 = Debug|ARM
		{B9F08027-6FC7-413F-84D4-8BFEE9CEA4BB}.Debug|ARM.Deploy.0 = Debug|ARM
		{B9F08027-6FC7-413F-84D4-8BFEE9CEA4BB}.Debug|ARM64.ActiveCfg = Debug|ARM64
		{B9F08027-6FC7-413F-84D4-8BFEE9CEA4BB}.Debug|ARM64.Build.0 = Debug|ARM64
		{B9F08027-6FC7-413F-84D4-8BFEE9CEA4BB}.Debug|ARM64.Deploy.0 = Debug|ARM64
		{B9F08027-6FC7-413F-84D4-8BFEE9CEA4BB}.Release|ARM.ActiveCfg = Release|ARM
		{B9F08027-6FC7-413F-84D4-8BFEE9CEA4BB}.Release|ARM.Build.0 = Release|ARM
		{B9F08027-6FC7-413F-84D4-8BFEE9CEA4BB}.Release|ARM.Deploy.0 = Release|ARM
		{B9F08027-6FC7-413F-84D4-8BFEE9CEA4BB}.Release|ARM64.ActiveCfg = Release|ARM64
		{B9F08027-6FC7-413F-84D4-8BFEE9CEA4BB}.Release|ARM64.Build.0 = Release|ARM64
		{B9F08027-6FC7-413F-84D4-8BFEE9CEA4BB}.Release|ARM64.Deploy.0 = Release|ARM64
	EndGlobalSection
	GlobalSection(SolutionProperties) = preSolution
		HideSolutionNode = FALSE
	EndGlobalSection
	GlobalSection(ExtensibilityGlobals) = postSolution
		SolutionGuid = {3DB6C38C-11AA-4C4B-8A96-84B44FA7AD79}
	EndGlobalSection
EndGlobal
